
Microsoft Visual Studio Solution File, Format Version 12.00
# Visual Studio Version 17
VisualStudioVersion = 17.0.31903.59
MinimumVisualStudioVersion = 10.0.40219.1
Project("{2150E333-8FDC-42A3-9474-1A3956D46DE8}") = "src", "src", "{827E0CD3-B72D-47B6-A68D-7590B98EB39B}"
EndProject
Project("{FAE04EC0-301F-11D3-BF4B-00C04F79EFBC}") = "ComicTracker.Domain", "src\ComicTracker.Domain\ComicTracker.Domain.csproj", "{CBF59F0E-9063-44A5-9600-E2FC4DE38876}"
EndProject
Project("{FAE04EC0-301F-11D3-BF4B-00C04F79EFBC}") = "ComicTracker.Application", "src\ComicTracker.Application\ComicTracker.Application.csproj", "{D56DA9A2-DCDC-458B-AA07-FF7E2F51617C}"
EndProject
Project("{FAE04EC0-301F-11D3-BF4B-00C04F79EFBC}") = "ComicTracker.Infrastructure", "src\ComicTracker.Infrastructure\ComicTracker.Infrastructure.csproj", "{3563A2AE-384F-4574-B72C-70D4DA2F7382}"
EndProject
Project("{FAE04EC0-301F-11D3-BF4B-00C04F79EFBC}") = "ComicTracker.API", "src\ComicTracker.API\ComicTracker.API.csproj", "{9B728E06-B2F3-4AC6-93F7-6D6BE5534A0B}"
EndProject
Project("{2150E333-8FDC-42A3-9474-1A3956D46DE8}") = "tests", "tests", "{0AB3BF05-4346-4AA6-1389-037BE0695223}"
EndProject
Project("{FAE04EC0-301F-11D3-BF4B-00C04F79EFBC}") = "ComicTracker.Domain.Tests", "tests\ComicTracker.Domain.Tests\ComicTracker.Domain.Tests.csproj", "{D53C6A6A-8661-4A7D-9EAB-14A3D474DE98}"
EndProject
Project("{FAE04EC0-301F-11D3-BF4B-00C04F79EFBC}") = "ComicTracker.Application.Tests", "tests\ComicTracker.Application.Tests\ComicTracker.Application.Tests.csproj", "{8208004D-41BC-4792-A6AB-329BBD596ADD}"
EndProject
Project("{FAE04EC0-301F-11D3-BF4B-00C04F79EFBC}") = "ComicTracker.Infrastructure.Tests", "tests\ComicTracker.Infrastructure.Tests\ComicTracker.Infrastructure.Tests.csproj", "{32735CAD-89F5-427F-BF4F-EF6725C6A2B5}"
EndProject
Project("{FAE04EC0-301F-11D3-BF4B-00C04F79EFBC}") = "ComicTracker.API.Tests", "tests\ComicTracker.API.Tests\ComicTracker.API.Tests.csproj", "{6244E31A-36C8-4F2A-AE0B-B022EA508307}"
EndProject
Global
	GlobalSection(SolutionConfigurationPlatforms) = preSolution
		Debug|Any CPU = Debug|Any CPU
		Debug|x64 = Debug|x64
		Debug|x86 = Debug|x86
		Release|Any CPU = Release|Any CPU
		Release|x64 = Release|x64
		Release|x86 = Release|x86
	EndGlobalSection
	GlobalSection(ProjectConfigurationPlatforms) = postSolution
		{CBF59F0E-9063-44A5-9600-E2FC4DE38876}.Debug|Any CPU.ActiveCfg = Debug|Any CPU
		{CBF59F0E-9063-44A5-9600-E2FC4DE38876}.Debug|Any CPU.Build.0 = Debug|Any CPU
		{CBF59F0E-9063-44A5-9600-E2FC4DE38876}.Debug|x64.ActiveCfg = Debug|Any CPU
		{CBF59F0E-9063-44A5-9600-E2FC4DE38876}.Debug|x64.Build.0 = Debug|Any CPU
		{CBF59F0E-9063-44A5-9600-E2FC4DE38876}.Debug|x86.ActiveCfg = Debug|Any CPU
		{CBF59F0E-9063-44A5-9600-E2FC4DE38876}.Debug|x86.Build.0 = Debug|Any CPU
		{CBF59F0E-9063-44A5-9600-E2FC4DE38876}.Release|Any CPU.ActiveCfg = Release|Any CPU
		{CBF59F0E-9063-44A5-9600-E2FC4DE38876}.Release|Any CPU.Build.0 = Release|Any CPU
		{CBF59F0E-9063-44A5-9600-E2FC4DE38876}.Release|x64.ActiveCfg = Release|Any CPU
		{CBF59F0E-9063-44A5-9600-E2FC4DE38876}.Release|x64.Build.0 = Release|Any CPU
		{CBF59F0E-9063-44A5-9600-E2FC4DE38876}.Release|x86.ActiveCfg = Release|Any CPU
		{CBF59F0E-9063-44A5-9600-E2FC4DE38876}.Release|x86.Build.0 = Release|Any CPU
		{D56DA9A2-DCDC-458B-AA07-FF7E2F51617C}.Debug|Any CPU.ActiveCfg = Debug|Any CPU
		{D56DA9A2-DCDC-458B-AA07-FF7E2F51617C}.Debug|Any CPU.Build.0 = Debug|Any CPU
		{D56DA9A2-DCDC-458B-AA07-FF7E2F51617C}.Debug|x64.ActiveCfg = Debug|Any CPU
		{D56DA9A2-DCDC-458B-AA07-FF7E2F51617C}.Debug|x64.Build.0 = Debug|Any CPU
		{D56DA9A2-DCDC-458B-AA07-FF7E2F51617C}.Debug|x86.ActiveCfg = Debug|Any CPU
		{D56DA9A2-DCDC-458B-AA07-FF7E2F51617C}.Debug|x86.Build.0 = Debug|Any CPU
		{D56DA9A2-DCDC-458B-AA07-FF7E2F51617C}.Release|Any CPU.ActiveCfg = Release|Any CPU
		{D56DA9A2-DCDC-458B-AA07-FF7E2F51617C}.Release|Any CPU.Build.0 = Release|Any CPU
		{D56DA9A2-DCDC-458B-AA07-FF7E2F51617C}.Release|x64.ActiveCfg = Release|Any CPU
		{D56DA9A2-DCDC-458B-AA07-FF7E2F51617C}.Release|x64.Build.0 = Release|Any CPU
		{D56DA9A2-DCDC-458B-AA07-FF7E2F51617C}.Release|x86.ActiveCfg = Release|Any CPU
		{D56DA9A2-DCDC-458B-AA07-FF7E2F51617C}.Release|x86.Build.0 = Release|Any CPU
		{3563A2AE-384F-4574-B72C-70D4DA2F7382}.Debug|Any CPU.ActiveCfg = Debug|Any CPU
		{3563A2AE-384F-4574-B72C-70D4DA2F7382}.Debug|Any CPU.Build.0 = Debug|Any CPU
		{3563A2AE-384F-4574-B72C-70D4DA2F7382}.Debug|x64.ActiveCfg = Debug|Any CPU
		{3563A2AE-384F-4574-B72C-70D4DA2F7382}.Debug|x64.Build.0 = Debug|Any CPU
		{3563A2AE-384F-4574-B72C-70D4DA2F7382}.Debug|x86.ActiveCfg = Debug|Any CPU
		{3563A2AE-384F-4574-B72C-70D4DA2F7382}.Debug|x86.Build.0 = Debug|Any CPU
		{3563A2AE-384F-4574-B72C-70D4DA2F7382}.Release|Any CPU.ActiveCfg = Release|Any CPU
		{3563A2AE-384F-4574-B72C-70D4DA2F7382}.Release|Any CPU.Build.0 = Release|Any CPU
		{3563A2AE-384F-4574-B72C-70D4DA2F7382}.Release|x64.ActiveCfg = Release|Any CPU
		{3563A2AE-384F-4574-B72C-70D4DA2F7382}.Release|x64.Build.0 = Release|Any CPU
		{3563A2AE-384F-4574-B72C-70D4DA2F7382}.Release|x86.ActiveCfg = Release|Any CPU
		{3563A2AE-384F-4574-B72C-70D4DA2F7382}.Release|x86.Build.0 = Release|Any CPU
		{9B728E06-B2F3-4AC6-93F7-6D6BE5534A0B}.Debug|Any CPU.ActiveCfg = Debug|Any CPU
		{9B728E06-B2F3-4AC6-93F7-6D6BE5534A0B}.Debug|Any CPU.Build.0 = Debug|Any CPU
		{9B728E06-B2F3-4AC6-93F7-6D6BE5534A0B}.Debug|x64.ActiveCfg = Debug|Any CPU
		{9B728E06-B2F3-4AC6-93F7-6D6BE5534A0B}.Debug|x64.Build.0 = Debug|Any CPU
		{9B728E06-B2F3-4AC6-93F7-6D6BE5534A0B}.Debug|x86.ActiveCfg = Debug|Any CPU
		{9B728E06-B2F3-4AC6-93F7-6D6BE5534A0B}.Debug|x86.Build.0 = Debug|Any CPU
		{9B728E06-B2F3-4AC6-93F7-6D6BE5534A0B}.Release|Any CPU.ActiveCfg = Release|Any CPU
		{9B728E06-B2F3-4AC6-93F7-6D6BE5534A0B}.Release|Any CPU.Build.0 = Release|Any CPU
		{9B728E06-B2F3-4AC6-93F7-6D6BE5534A0B}.Release|x64.ActiveCfg = Release|Any CPU
		{9B728E06-B2F3-4AC6-93F7-6D6BE5534A0B}.Release|x64.Build.0 = Release|Any CPU
		{9B728E06-B2F3-4AC6-93F7-6D6BE5534A0B}.Release|x86.ActiveCfg = Release|Any CPU
		{9B728E06-B2F3-4AC6-93F7-6D6BE5534A0B}.Release|x86.Build.0 = Release|Any CPU
		{D53C6A6A-8661-4A7D-9EAB-14A3D474DE98}.Debug|Any CPU.ActiveCfg = Debug|Any CPU
		{D53C6A6A-8661-4A7D-9EAB-14A3D474DE98}.Debug|Any CPU.Build.0 = Debug|Any CPU
		{D53C6A6A-8661-4A7D-9EAB-14A3D474DE98}.Debug|x64.ActiveCfg = Debug|Any CPU
		{D53C6A6A-8661-4A7D-9EAB-14A3D474DE98}.Debug|x64.Build.0 = Debug|Any CPU
		{D53C6A6A-8661-4A7D-9EAB-14A3D474DE98}.Debug|x86.ActiveCfg = Debug|Any CPU
		{D53C6A6A-8661-4A7D-9EAB-14A3D474DE98}.Debug|x86.Build.0 = Debug|Any CPU
		{D53C6A6A-8661-4A7D-9EAB-14A3D474DE98}.Release|Any CPU.ActiveCfg = Release|Any CPU
		{D53C6A6A-8661-4A7D-9EAB-14A3D474DE98}.Release|Any CPU.Build.0 = Release|Any CPU
		{D53C6A6A-8661-4A7D-9EAB-14A3D474DE98}.Release|x64.ActiveCfg = Release|Any CPU
		{D53C6A6A-8661-4A7D-9EAB-14A3D474DE98}.Release|x64.Build.0 = Release|Any CPU
		{D53C6A6A-8661-4A7D-9EAB-14A3D474DE98}.Release|x86.ActiveCfg = Release|Any CPU
		{D53C6A6A-8661-4A7D-9EAB-14A3D474DE98}.Release|x86.Build.0 = Release|Any CPU
		{8208004D-41BC-4792-A6AB-329BBD596ADD}.Debug|Any CPU.ActiveCfg = Debug|Any CPU
		{8208004D-41BC-4792-A6AB-329BBD596ADD}.Debug|Any CPU.Build.0 = Debug|Any CPU
		{8208004D-41BC-4792-A6AB-329BBD596ADD}.Debug|x64.ActiveCfg = Debug|Any CPU
		{8208004D-41BC-4792-A6AB-329BBD596ADD}.Debug|x64.Build.0 = Debug|Any CPU
		{8208004D-41BC-4792-A6AB-329BBD596ADD}.Debug|x86.ActiveCfg = Debug|Any CPU
		{8208004D-41BC-4792-A6AB-329BBD596ADD}.Debug|x86.Build.0 = Debug|Any CPU
		{8208004D-41BC-4792-A6AB-329BBD596ADD}.Release|Any CPU.ActiveCfg = Release|Any CPU
		{8208004D-41BC-4792-A6AB-329BBD596ADD}.Release|Any CPU.Build.0 = Release|Any CPU
		{8208004D-41BC-4792-A6AB-329BBD596ADD}.Release|x64.ActiveCfg = Release|Any CPU
		{8208004D-41BC-4792-A6AB-329BBD596ADD}.Release|x64.Build.0 = Release|Any CPU
		{8208004D-41BC-4792-A6AB-329BBD596ADD}.Release|x86.ActiveCfg = Release|Any CPU
		{8208004D-41BC-4792-A6AB-329BBD596ADD}.Release|x86.Build.0 = Release|Any CPU
		{32735CAD-89F5-427F-BF4F-EF6725C6A2B5}.Debug|Any CPU.ActiveCfg = Debug|Any CPU
		{32735CAD-89F5-427F-BF4F-EF6725C6A2B5}.Debug|Any CPU.Build.0 = Debug|Any CPU
		{32735CAD-89F5-427F-BF4F-EF6725C6A2B5}.Debug|x64.ActiveCfg = Debug|Any CPU
		{32735CAD-89F5-427F-BF4F-EF6725C6A2B5}.Debug|x64.Build.0 = Debug|Any CPU
		{32735CAD-89F5-427F-BF4F-EF6725C6A2B5}.Debug|x86.ActiveCfg = Debug|Any CPU
		{32735CAD-89F5-427F-BF4F-EF6725C6A2B5}.Debug|x86.Build.0 = Debug|Any CPU
		{32735CAD-89F5-427F-BF4F-EF6725C6A2B5}.Release|Any CPU.ActiveCfg = Release|Any CPU
		{32735CAD-89F5-427F-BF4F-EF6725C6A2B5}.Release|Any CPU.Build.0 = Release|Any CPU
		{32735CAD-89F5-427F-BF4F-EF6725C6A2B5}.Release|x64.ActiveCfg = Release|Any CPU
		{32735CAD-89F5-427F-BF4F-EF6725C6A2B5}.Release|x64.Build.0 = Release|Any CPU
		{32735CAD-89F5-427F-BF4F-EF6725C6A2B5}.Release|x86.ActiveCfg = Release|Any CPU
		{32735CAD-89F5-427F-BF4F-EF6725C6A2B5}.Release|x86.Build.0 = Release|Any CPU
		{6244E31A-36C8-4F2A-AE0B-B022EA508307}.Debug|Any CPU.ActiveCfg = Debug|Any CPU
		{6244E31A-36C8-4F2A-AE0B-B022EA508307}.Debug|Any CPU.Build.0 = Debug|Any CPU
		{6244E31A-36C8-4F2A-AE0B-B022EA508307}.Debug|x64.ActiveCfg = Debug|Any CPU
		{6244E31A-36C8-4F2A-AE0B-B022EA508307}.Debug|x64.Build.0 = Debug|Any CPU
		{6244E31A-36C8-4F2A-AE0B-B022EA508307}.Debug|x86.ActiveCfg = Debug|Any CPU
		{6244E31A-36C8-4F2A-AE0B-B022EA508307}.Debug|x86.Build.0 = Debug|Any CPU
		{6244E31A-36C8-4F2A-AE0B-B022EA508307}.Release|Any CPU.ActiveCfg = Release|Any CPU
		{6244E31A-36C8-4F2A-AE0B-B022EA508307}.Release|Any CPU.Build.0 = Release|Any CPU
		{6244E31A-36C8-4F2A-AE0B-B022EA508307}.Release|x64.ActiveCfg = Release|Any CPU
		{6244E31A-36C8-4F2A-AE0B-B022EA508307}.Release|x64.Build.0 = Release|Any CPU
		{6244E31A-36C8-4F2A-AE0B-B022EA508307}.Release|x86.ActiveCfg = Release|Any CPU
		{6244E31A-36C8-4F2A-AE0B-B022EA508307}.Release|x86.Build.0 = Release|Any CPU
	EndGlobalSection
	GlobalSection(SolutionProperties) = preSolution
		HideSolutionNode = FALSE
	EndGlobalSection
	GlobalSection(NestedProjects) = preSolution
		{CBF59F0E-9063-44A5-9600-E2FC4DE38876} = {827E0CD3-B72D-47B6-A68D-7590B98EB39B}
		{D56DA9A2-DCDC-458B-AA07-FF7E2F51617C} = {827E0CD3-B72D-47B6-A68D-7590B98EB39B}
		{3563A2AE-384F-4574-B72C-70D4DA2F7382} = {827E0CD3-B72D-47B6-A68D-7590B98EB39B}
		{9B728E06-B2F3-4AC6-93F7-6D6BE5534A0B} = {827E0CD3-B72D-47B6-A68D-7590B98EB39B}
		{D53C6A6A-8661-4A7D-9EAB-14A3D474DE98} = {0AB3BF05-4346-4AA6-1389-037BE0695223}
		{8208004D-41BC-4792-A6AB-329BBD596ADD} = {0AB3BF05-4346-4AA6-1389-037BE0695223}
		{32735CAD-89F5-427F-BF4F-EF6725C6A2B5} = {0AB3BF05-4346-4AA6-1389-037BE0695223}
		{6244E31A-36C8-4F2A-AE0B-B022EA508307} = {0AB3BF05-4346-4AA6-1389-037BE0695223}
	EndGlobalSection
EndGlobal
